Microsoft Visual Studio Solution File, Format Version 12.00
# Visual Studio Version 17
VisualStudioVersion = 17.5.2.0
MinimumVisualStudioVersion = 10.0.40219.1
Project("{FAE04EC0-301F-11D3-BF4B-00C04F79EFBC}") = "WinChrono", "WinChrono.csproj", "{5B457423-543B-98F8-64C0-BB6B8CBF8FCD}"
EndProject
Global
	GlobalSection(SolutionConfigurationPlatforms) = preSolution
		Debug|Any CPU = Debug|Any CPU
		Release|Any CPU = Release|Any CPU
	EndGlobalSection
	GlobalSection(ProjectConfigurationPlatforms) = postSolution
		{5B457423-543B-98F8-64C0-BB6B8CBF8FCD}.Debug|Any CPU.ActiveCfg = Debug|Any CPU
		{5B457423-543B-98F8-64C0-BB6B8CBF8FCD}.Debug|Any CPU.Build.0 = Debug|Any CPU
		{5B457423-543B-98F8-64C0-BB6B8CBF8FCD}.Release|Any CPU.ActiveCfg = Release|Any CPU
		{5B457423-543B-98F8-64C0-BB6B8CBF8FCD}.Release|Any CPU.Build.0 = Release|Any CPU
	EndGlobalSection
	GlobalSection(SolutionProperties) = preSolution
		HideSolutionNode = FALSE
	EndGlobalSection
	GlobalSection(ExtensibilityGlobals) = postSolution
		SolutionGuid = {54C8F18C-F7E1-402D-B818-6F2A9DF1DC5C}
	EndGlobalSection
EndGlobal
